
Microsoft Visual Studio Solution File, Format Version 12.00
# Visual Studio 15
VisualStudioVersion = 15.0.27130.2027
MinimumVisualStudioVersion = 10.0.40219.1
Project("{FAE04EC0-301F-11D3-BF4B-00C04F79EFBC}") = "Biblioteca", "Biblioteca\Biblioteca.csproj", "{78F85441-763A-4B02-BB95-F25BE0B5FFF1}"
EndProject
Project("{FAE04EC0-301F-11D3-BF4B-00C04F79EFBC}") = "CRUDAlunos.Forms", "CRUDAlunos.Forms\CRUDAlunos.Forms.csproj", "{B4D901E9-1553-48C6-BFC2-6C4FA80B7E10}"
EndProject
Global
	GlobalSection(SolutionConfigurationPlatforms) = preSolution
		Debug|Any CPU = Debug|Any CPU
		Release|Any CPU = Release|Any CPU
	EndGlobalSection
	GlobalSection(ProjectConfigurationPlatforms) = postSolution
		{78F85441-763A-4B02-BB95-F25BE0B5FFF1}.Debug|Any CPU.ActiveCfg = Debug|Any CPU
		{78F85441-763A-4B02-BB95-F25BE0B5FFF1}.Debug|Any CPU.Build.0 = Debug|Any CPU
		{78F85441-763A-4B02-BB95-F25BE0B5FFF1}.Release|Any CPU.ActiveCfg = Release|Any CPU
		{78F85441-763A-4B02-BB95-F25BE0B5FFF1}.Release|Any CPU.Build.0 = Release|Any CPU
		{B4D901E9-1553-48C6-BFC2-6C4FA80B7E10}.Debug|Any CPU.ActiveCfg = Debug|Any CPU
		{B4D901E9-1553-48C6-BFC2-6C4FA80B7E10}.Debug|Any CPU.Build.0 = Debug|Any CPU
		{B4D901E9-1553-48C6-BFC2-6C4FA80B7E10}.Release|Any CPU.ActiveCfg = Release|Any CPU
		{B4D901E9-1553-48C6-BFC2-6C4FA80B7E10}.Release|Any CPU.Build.0 = Release|Any CPU
	EndGlobalSection
	GlobalSection(SolutionProperties) = preSolution
		HideSolutionNode = FALSE
	EndGlobalSection
	GlobalSection(ExtensibilityGlobals) = postSolution
		SolutionGuid = {299D2D8B-17D2-4353-A41F-2C58561C4E7C}
	EndGlobalSection
EndGlobal
